
Microsoft Visual Studio Solution File, Format Version 12.00
# Visual Studio Version 16
VisualStudioVersion = 16.0.29613.14
MinimumVisualStudioVersion = 10.0.40219.1
Project("{9A19103F-16F7-4668-BE54-9A1E7A4F7556}") = "ConsoleApp1", "ConsoleApp1\ConsoleApp1.csproj", "{C6CF9790-874E-4F35-BA98-7CDDE7C8723A}"
EndProject
Project("{FAE04EC0-301F-11D3-BF4B-00C04F79EFBC}") = "Courses API", "Courses API\Courses API.csproj", "{0DF47445-A5F3-43BD-AE9E-F9940D771195}"
EndProject
Global
	GlobalSection(SolutionConfigurationPlatforms) = preSolution
		Debug|Any CPU = Debug|Any CPU
		Release|Any CPU = Release|Any CPU
	EndGlobalSection
	GlobalSection(ProjectConfigurationPlatforms) = postSolution
		{C6CF9790-874E-4F35-BA98-7CDDE7C8723A}.Debug|Any CPU.ActiveCfg = Debug|Any CPU
		{C6CF9790-874E-4F35-BA98-7CDDE7C8723A}.Debug|Any CPU.Build.0 = Debug|Any CPU
		{C6CF9790-874E-4F35-BA98-7CDDE7C8723A}.Release|Any CPU.ActiveCfg = Release|Any CPU
		{C6CF9790-874E-4F35-BA98-7CDDE7C8723A}.Release|Any CPU.Build.0 = Release|Any CPU
		{0DF47445-A5F3-43BD-AE9E-F9940D771195}.Debug|Any CPU.ActiveCfg = Debug|Any CPU
		{0DF47445-A5F3-43BD-AE9E-F9940D771195}.Debug|Any CPU.Build.0 = Debug|Any CPU
		{0DF47445-A5F3-43BD-AE9E-F9940D771195}.Release|Any CPU.ActiveCfg = Release|Any CPU
		{0DF47445-A5F3-43BD-AE9E-F9940D771195}.Release|Any CPU.Build.0 = Release|Any CPU
	EndGlobalSection
	GlobalSection(SolutionProperties) = preSolution
		HideSolutionNode = FALSE
	EndGlobalSection
	GlobalSection(ExtensibilityGlobals) = postSolution
		SolutionGuid = {098DF0C4-04AA-40A0-A23B-691784C216D1}
	EndGlobalSection
EndGlobal
